
Microsoft Visual Studio Solution File, Format Version 12.00
# Visual Studio Version 17
VisualStudioVersion = 17.10.35027.167
MinimumVisualStudioVersion = 10.0.40219.1
Project("{FAE04EC0-301F-11D3-BF4B-00C04F79EFBC}") = "Illustrious", "Illustrious\Illustrious.csproj", "{3930BBB1-034E-42D2-822E-12702261321A}"
EndProject
Global
	GlobalSection(SolutionConfigurationPlatforms) = preSolution
		Debug|Any CPU = Debug|Any CPU
		Release|Any CPU = Release|Any CPU
	EndGlobalSection
	GlobalSection(ProjectConfigurationPlatforms) = postSolution
		{3930BBB1-034E-42D2-822E-12702261321A}.Debug|Any CPU.ActiveCfg = Debug|Any CPU
		{3930BBB1-034E-42D2-822E-12702261321A}.Debug|Any CPU.Build.0 = Debug|Any CPU
		{3930BBB1-034E-42D2-822E-12702261321A}.Release|Any CPU.ActiveCfg = Release|Any CPU
		{3930BBB1-034E-42D2-822E-12702261321A}.Release|Any CPU.Build.0 = Release|Any CPU
	EndGlobalSection
	GlobalSection(SolutionProperties) = preSolution
		HideSolutionNode = FALSE
	EndGlobalSection
	GlobalSection(ExtensibilityGlobals) = postSolution
		SolutionGuid = {048A9D58-FF00-4B0D-881B-4A9CD1533A52}
	EndGlobalSection
EndGlobal
